
Microsoft Visual Studio Solution File, Format Version 12.00
# Visual Studio Version 17
VisualStudioVersion = 17.5.33516.290
MinimumVisualStudioVersion = 10.0.40219.1
Project("{FAE04EC0-301F-11D3-BF4B-00C04F79EFBC}") = "LitLounge", "LitLounge\LitLounge.csproj", "{D85EAD82-C16B-4182-BEAA-5380458B6ECC}"
EndProject
Global
	GlobalSection(SolutionConfigurationPlatforms) = preSolution
		Debug|Any CPU = Debug|Any CPU
		Release|Any CPU = Release|Any CPU
	EndGlobalSection
	GlobalSection(ProjectConfigurationPlatforms) = postSolution
		{D85EAD82-C16B-4182-BEAA-5380458B6ECC}.Debug|Any CPU.ActiveCfg = Debug|Any CPU
		{D85EAD82-C16B-4182-BEAA-5380458B6ECC}.Debug|Any CPU.Build.0 = Debug|Any CPU
		{D85EAD82-C16B-4182-BEAA-5380458B6ECC}.Release|Any CPU.ActiveCfg = Release|Any CPU
		{D85EAD82-C16B-4182-BEAA-5380458B6ECC}.Release|Any CPU.Build.0 = Release|Any CPU
	EndGlobalSection
	GlobalSection(SolutionProperties) = preSolution
		HideSolutionNode = FALSE
	EndGlobalSection
	GlobalSection(ExtensibilityGlobals) = postSolution
		SolutionGuid = {4A82E85F-74AC-4336-9572-5406E92A2C8F}
	EndGlobalSection
EndGlobal
